# This file is automatically @generated by Cargo.
# It is not intended for manual editing.
version = 4

[[package]]
name = "algorithms-snackpack-catalog"
version = "0.0.0"

[[package]]
name = "prefix-sums-and-scans"
version = "0.1.0"

[[package]]
name = "topic-002-difference-arrays-and-range-updates"
version = "0.1.0"
